
Microsoft Visual Studio Solution File, Format Version 12.00
# Visual Studio Version 17
VisualStudioVersion = 17.5.33627.172
MinimumVisualStudioVersion = 10.0.40219.1
Project("{2150E333-8FDC-42A3-9474-1A3956D46DE8}") = "src", "src", "{094FE16C-8C58-4FDC-8E06-8A0C14400123}"
EndProject
Project("{2150E333-8FDC-42A3-9474-1A3956D46DE8}") = "test", "test", "{E34373B7-3851-4ABB-AD25-1595BC4874E6}"
EndProject
Project("{2150E333-8FDC-42A3-9474-1A3956D46DE8}") = "API", "API", "{547358B8-AE85-4512-BDB8-4C112B2A6EA7}"
EndProject
Project("{2150E333-8FDC-42A3-9474-1A3956D46DE8}") = "Core", "Core", "{C5C3B944-8E29-491E-A3E9-F48F42B2DB32}"
EndProject
Project("{2150E333-8FDC-42A3-9474-1A3956D46DE8}") = "Infrastructure", "Infrastructure", "{B2FAA9FA-3B29-47C3-BDC1-F032A98752E9}"
EndProject
Project("{FAE04EC0-301F-11D3-BF4B-00C04F79EFBC}") = "Emerson.WeatherSystem.Application.UnitTest", "Emerson.WeatherSystem.Application.UnitTest\Emerson.WeatherSystem.Application.UnitTest.csproj", "{7DA5BB7B-6A18-4549-BC83-5467434F1C2F}"
EndProject
Project("{FAE04EC0-301F-11D3-BF4B-00C04F79EFBC}") = "Emerson.WeatherSystem.Application", "Emerson.WeatherSystem.Application\Emerson.WeatherSystem.Application.csproj", "{C567F8CC-A0D3-4FFC-8A70-0B441DFBE76C}"
EndProject
Project("{FAE04EC0-301F-11D3-BF4B-00C04F79EFBC}") = "Emerson.WeatherSystem.Domain", "Emerson.WeatherSystem.Domain\Emerson.WeatherSystem.Domain.csproj", "{5D95AD3F-7005-482C-AACF-FD760B1252C9}"
EndProject
Project("{FAE04EC0-301F-11D3-BF4B-00C04F79EFBC}") = "Emerson.WeatherSystem.Persistence", "Emerson.WeatherSystem.Persistence\Emerson.WeatherSystem.Persistence.csproj", "{97E50F4C-C75A-40A0-A9C1-3E954FBFB56A}"
EndProject
Global
	GlobalSection(SolutionConfigurationPlatforms) = preSolution
		Debug|Any CPU = Debug|Any CPU
		Release|Any CPU = Release|Any CPU
	EndGlobalSection
	GlobalSection(ProjectConfigurationPlatforms) = postSolution
		{7DA5BB7B-6A18-4549-BC83-5467434F1C2F}.Debug|Any CPU.ActiveCfg = Debug|Any CPU
		{7DA5BB7B-6A18-4549-BC83-5467434F1C2F}.Debug|Any CPU.Build.0 = Debug|Any CPU
		{7DA5BB7B-6A18-4549-BC83-5467434F1C2F}.Release|Any CPU.ActiveCfg = Release|Any CPU
		{7DA5BB7B-6A18-4549-BC83-5467434F1C2F}.Release|Any CPU.Build.0 = Release|Any CPU
		{C567F8CC-A0D3-4FFC-8A70-0B441DFBE76C}.Debug|Any CPU.ActiveCfg = Debug|Any CPU
		{C567F8CC-A0D3-4FFC-8A70-0B441DFBE76C}.Debug|Any CPU.Build.0 = Debug|Any CPU
		{C567F8CC-A0D3-4FFC-8A70-0B441DFBE76C}.Release|Any CPU.ActiveCfg = Release|Any CPU
		{C567F8CC-A0D3-4FFC-8A70-0B441DFBE76C}.Release|Any CPU.Build.0 = Release|Any CPU
		{5D95AD3F-7005-482C-AACF-FD760B1252C9}.Debug|Any CPU.ActiveCfg = Debug|Any CPU
		{5D95AD3F-7005-482C-AACF-FD760B1252C9}.Debug|Any CPU.Build.0 = Debug|Any CPU
		{5D95AD3F-7005-482C-AACF-FD760B1252C9}.Release|Any CPU.ActiveCfg = Release|Any CPU
		{5D95AD3F-7005-482C-AACF-FD760B1252C9}.Release|Any CPU.Build.0 = Release|Any CPU
		{97E50F4C-C75A-40A0-A9C1-3E954FBFB56A}.Debug|Any CPU.ActiveCfg = Debug|Any CPU
		{97E50F4C-C75A-40A0-A9C1-3E954FBFB56A}.Debug|Any CPU.Build.0 = Debug|Any CPU
		{97E50F4C-C75A-40A0-A9C1-3E954FBFB56A}.Release|Any CPU.ActiveCfg = Release|Any CPU
		{97E50F4C-C75A-40A0-A9C1-3E954FBFB56A}.Release|Any CPU.Build.0 = Release|Any CPU
	EndGlobalSection
	GlobalSection(SolutionProperties) = preSolution
		HideSolutionNode = FALSE
	EndGlobalSection
	GlobalSection(NestedProjects) = preSolution
		{547358B8-AE85-4512-BDB8-4C112B2A6EA7} = {094FE16C-8C58-4FDC-8E06-8A0C14400123}
		{C5C3B944-8E29-491E-A3E9-F48F42B2DB32} = {094FE16C-8C58-4FDC-8E06-8A0C14400123}
		{B2FAA9FA-3B29-47C3-BDC1-F032A98752E9} = {094FE16C-8C58-4FDC-8E06-8A0C14400123}
		{7DA5BB7B-6A18-4549-BC83-5467434F1C2F} = {E34373B7-3851-4ABB-AD25-1595BC4874E6}
		{C567F8CC-A0D3-4FFC-8A70-0B441DFBE76C} = {C5C3B944-8E29-491E-A3E9-F48F42B2DB32}
		{5D95AD3F-7005-482C-AACF-FD760B1252C9} = {C5C3B944-8E29-491E-A3E9-F48F42B2DB32}
		{97E50F4C-C75A-40A0-A9C1-3E954FBFB56A} = {B2FAA9FA-3B29-47C3-BDC1-F032A98752E9}
	EndGlobalSection
	GlobalSection(ExtensibilityGlobals) = postSolution
		SolutionGuid = {B743A405-6E69-4A28-982A-4FFBC101ECD1}
	EndGlobalSection
EndGlobal
